github.com/ebitengine/gomobile v0.0.0-20250209143333-6071a2a2351c h1:nCxkoQoJMcVLc5aoMp3ULbfyEMcQjxopBKgNQVBQFXE=
github.com/ebitengine/gomobile v0.0.0-20250209143333-6071a2a2351c/go.mod h1:yMh1VvLL71zDgHlVlIXXJIGmv36QcJ9ZD2gtIGYAp3I=
github.com/ebitengine/hideconsole v1.0.0 h1:5J4U0kXF+pv/DhiXt5/lTz0eO5ogJ1iXb8Yj1yReDqE=
github.com/ebitengine/hideconsole v1.0.0/go.mod h1:hTTBTvVYWKBuxPr7peweneWdkUwEuHuB3C1R/ielR1A=
github.com/ebitengine/oto/v3 v3.4.0-alpha.3 h1:YLGviaYemmn7ERSHxWUbSbLu8eHq6S8zK+MiyRR5JtU=
github.com/ebitengine/oto/v3 v3.4.0-alpha.3/go.mod h1:lCbB4e7VuXj9RDu/K4Kz5jY4NRVV5L/QRar+CcVKKlc=
github.com/ebitengine/purego v0.9.0-alpha.2 h1:xYomvayNWeTy1RInkqKOqKdO+5afaejWQ4+RCN+B7do=
github.com/ebitengine/purego v0.9.0-alpha.2/go.mod h1:iIjxzd6CiRiOG0UyXP+V1+jWqUXVjPKLAI0mRfJZTmQ=
github.com/hajimehoshi/ebiten/v2 v2.9.0-alpha.3.0.20250211054450-4df5d02c36b9 h1:cppmf845B22Ke25MdAW+cM+AWXh0Kr8vt2gGQ0uLB80=
github.com/hajimehoshi/ebiten/v2 v2.9.0-alpha.3.0.20250211054450-4df5d02c36b9/go.mod h1:HaqMNvrLnuZCbg4kwp+S8eyXu3Pw/4feh+mRhmpPrtc=
github.com/hajimehoshi/ebiten/v2 v2.9.0-alpha.3.0.20250211171807-6cc5ed14fc1d h1:0MkQJUi9MvN/ej5u5fI4TqlsPUiUvhGupjIOessaU9k=
github.com/hajimehoshi/ebiten/v2 v2.9.0-alpha.3.0.20250211171807-6cc5ed14fc1d/go.mod h1:HaqMNvrLnuZCbg4kwp+S8eyXu3Pw/4feh+mRhmpPrtc=
github.com/hajimehoshi/go-mp3 v0.3.4 h1:NUP7pBYH8OguP4diaTZ9wJbUbk3tC0KlfzsEpWmYj68=
github.com/hajimehoshi/go-mp3 v0.3.4/go.mod h1:fRtZraRFcWb0pu7ok0LqyFhCUrPeMsGRSVop0eemFmo=
github.com/hajimehoshi/oto/v2 v2.3.1/go.mod h1:seWLbgHH7AyUMYKfKYT9pg7PhUu9/SisyJvNTT+ASQo=
github.com/jezek/xgb v1.1.1 h1:bE/r8ZZtSv7l9gk6nU0mYx51aXrvnyb44892TwSaqS4=
github.com/jezek/xgb v1.1.1/go.mod h1:nrhwO0FX/enq75I7Y7G8iN1ubpSGZEiA3v9e9GyRFlk=
github.com/jfreymuth/oggvorbis v1.0.5 h1:u+Ck+R0eLSRhgq8WTmffYnrVtSztJcYrl588DM4e3kQ=
github.com/jfreymuth/oggvorbis v1.0.5/go.mod h1:1U4pqWmghcoVsCJJ4fRBKv9peUJMBHixthRlBeD6uII=
github.com/jfreymuth/vorbis v1.0.2 h1:m1xH6+ZI4thH927pgKD8JOH4eaGRm18rEE9/0WKjvNE=
github.com/jfreymuth/vorbis v1.0.2/go.mod h1:DoftRo4AznKnShRl1GxiTFCseHr4zR9BN3TWXyuzrqQ=
golang.org/x/sync v0.11.0 h1:GGz8+XQP4FvTTrjZPzNKTMFtSXH80RAzG+5ghFPgK9w=
golang.org/x/sync v0.11.0/go.mod h1:Czt+wKu1gCyEFDUtn0jG5QVvpJ6rzVqr5aXyt9drQfk=
golang.org/x/sys v0.0.0-20220712014510-0a85c31ab51e/go.mod h1:oPkhp1MJrh7nUepCBck5+mAzfO9JrbApNNgaTdGDITg=
golang.org/x/sys v0.30.0 h1:QjkSwP/36a20jFYWkSue1YwXzLmsV5Gfq7Eiy72C1uc=
golang.org/x/sys v0.30.0/go.mod h1:/VUhepiaJMQUp4+oa/7Zr1D23ma6VTLIYjOOTFZPUcA=
